// !$*UTF8*$!
{
	archiveVersion = 1;
	classes = {
	};
	objectVersion = 46;
	objects = {

/* Begin PBXBuildFile section */
		3A05DB141C92378700E94D69 /* AppDelegate.swift in Sources */ = {isa = PBXBuildFile; fileRef = 3A05DB131C92378700E94D69 /* AppDelegate.swift */; };
		3A05DB161C92378700E94D69 /* ViewController.swift in Sources */ = {isa = PBXBuildFile; fileRef = 3A05DB151C92378700E94D69 /* ViewController.swift */; };
		3A05DB191C92378700E94D69 /* Main.storyboard in Resources */ = {isa = PBXBuildFile; fileRef = 3A05DB171C92378700E94D69 /* Main.storyboard */; };
		3A05DB1B1C92378700E94D69 /* Assets.xcassets in Resources */ = {isa = PBXBuildFile; fileRef = 3A05DB1A1C92378700E94D69 /* Assets.xcassets */; };
		3A05DB1E1C92378700E94D69 /* LaunchScreen.storyboard in Resources */ = {isa = PBXBuildFile; fileRef = 3A05DB1C1C92378700E94D69 /* LaunchScreen.storyboard */; };
		3A05DB261C92379A00E94D69 /* AVFoundation.framework in Frameworks */ = {isa = PBXBuildFile; fileRef = 3A05DB251C92379A00E94D69 /* AVFoundation.framework */; };
		3A05DB281C9237D900E94D69 /* CoreGraphics.framework in Frameworks */ = {isa = PBXBuildFile; fileRef = 3A05DB271C9237D900E94D69 /* CoreGraphics.framework */; };
		3A3CAAD61C923A4800DF0BC1 /* CoreImage.framework in Frameworks */ = {isa = PBXBuildFile; fileRef = 3A3CAAD51C923A4800DF0BC1 /* CoreImage.framework */; };
		3AD670591C9273CE00964B4F /* silhoute.png in Resources */ = {isa = PBXBuildFile; fileRef = 3AD670581C9273CE00964B4F /* silhoute.png */; };
/* End PBXBuildFile section */

/* Begin PBXFileReference section */
		3A05DB101C92378700E94D69 /* FaceRecognitionSpike.app */ = {isa = PBXFileReference; explicitFileType = wrapper.application; includeInIndex = 0; path = FaceRecognitionSpike.app; sourceTree = BUILT_PRODUCTS_DIR; };
		3A05DB131C92378700E94D69 /* AppDelegate.swift */ = {isa = PBXFileReference; lastKnownFileType = sourcecode.swift; path = AppDelegate.swift; sourceTree = "<group>"; };
		3A05DB151C92378700E94D69 /* ViewController.swift */ = {isa = PBXFileReference; lastKnownFileType = sourcecode.swift; path = ViewController.swift; sourceTree = "<group>"; };
		3A05DB181C92378700E94D69 /* Base */ = {isa = PBXFileReference; lastKnownFileType = file.storyboard; name = Base; path = Base.lproj/Main.storyboard; sourceTree = "<group>"; };
		3A05DB1A1C92378700E94D69 /* Assets.xcassets */ = {isa = PBXFileReference; lastKnownFileType = folder.assetcatalog; path = Assets.xcassets; sourceTree = "<group>"; };
		3A05DB1D1C92378700E94D69 /* Base */ = {isa = PBXFileReference; lastKnownFileType = file.storyboard; name = Base; path = Base.lproj/LaunchScreen.storyboard; sourceTree = "<group>"; };
		3A05DB1F1C92378700E94D69 /* Info.plist */ = {isa = PBXFileReference; lastKnownFileType = text.plist.xml; path = Info.plist; sourceTree = "<group>"; };
		3A05DB251C92379A00E94D69 /* AVFoundation.framework */ = {isa = PBXFileReference; lastKnownFileType = wrapper.framework; name = AVFoundation.framework; path = System/Library/Frameworks/AVFoundation.framework; sourceTree = SDKROOT; };
		3A05DB271C9237D900E94D69 /* CoreGraphics.framework */ = {isa = PBXFileReference; lastKnownFileType = wrapper.framework; name = CoreGraphics.framework; path = System/Library/Frameworks/CoreGraphics.framework; sourceTree = SDKROOT; };
		3A3CAAD51C923A4800DF0BC1 /* CoreImage.framework */ = {isa = PBXFileReference; lastKnownFileType = wrapper.framework; name = CoreImage.framework; path = System/Library/Frameworks/CoreImage.framework; sourceTree = SDKROOT; };
		3AD670581C9273CE00964B4F /* silhoute.png */ = {isa = PBXFileReference; lastKnownFileType = image.png; path = silhoute.png; sourceTree = "<group>"; };
/* End PBXFileReference section */

/* Begin PBXFrameworksBuildPhase section */
		3A05DB0D1C92378700E94D69 /* Frameworks */ = {
			isa = PBXFrameworksBuildPhase;
			buildActionMask = 2147483647;
			files = (
				3A3CAAD61C923A4800DF0BC1 /* CoreImage.framework in Frameworks */,
				3A05DB281C9237D900E94D69 /* CoreGraphics.framework in Frameworks */,
				3A05DB261C92379A00E94D69 /* AVFoundation.framework in Frameworks */,
			);
			runOnlyForDeploymentPostprocessing = 0;
		};
/* End PBXFrameworksBuildPhase section */

/* Begin PBXGroup section */
		3A05DB071C92378700E94D69 = {
			isa = PBXGroup;
			children = (
				3A05DB291C92382F00E94D69 /* Frameworks */,
				3A05DB121C92378700E94D69 /* FaceRecognitionSpike */,
				3A05DB111C92378700E94D69 /* Products */,
			);
			sourceTree = "<group>";
		};
		3A05DB111C92378700E94D69 /* Products */ = {
			isa = PBXGroup;
			children = (
				3A05DB101C92378700E94D69 /* FaceRecognitionSpike.app */,
			);
			name = Products;
			sourceTree = "<group>";
		};
		3A05DB121C92378700E94D69 /* FaceRecognitionSpike */ = {
			isa = PBXGroup;
			children = (
				3A05DB131C92378700E94D69 /* AppDelegate.swift */,
				3A05DB151C92378700E94D69 /* ViewController.swift */,
				3A05DB171C92378700E94D69 /* Main.storyboard */,
				3A05DB1A1C92378700E94D69 /* Assets.xcassets */,
				3A05DB1C1C92378700E94D69 /* LaunchScreen.storyboard */,
				3A05DB1F1C92378700E94D69 /* Info.plist */,
				3AD670581C9273CE00964B4F /* silhoute.png */,
			);
			path = FaceRecognitionSpike;
			sourceTree = "<group>";
		};
		3A05DB291C92382F00E94D69 /* Frameworks */ = {
			isa = PBXGroup;
			children = (
				3A3CAAD51C923A4800DF0BC1 /* CoreImage.framework */,
				3A05DB271C9237D900E94D69 /* CoreGraphics.framework */,
				3A05DB251C92379A00E94D69 /* AVFoundation.framework */,
			);
			name = Frameworks;
			sourceTree = "<group>";
		};
/* End PBXGroup section */

/* Begin PBXNativeTarget section */
		3A05DB0F1C92378700E94D69 /* FaceRecognitionSpike */ = {
			isa = PBXNativeTarget;
			buildConfigurationList = 3A05DB221C92378700E94D69 /* Build configuration list for PBXNativeTarget "FaceRecognitionSpike" */;
			buildPhases = (
				3A05DB0C1C92378700E94D69 /* Sources */,
				3A05DB0D1C92378700E94D69 /* Frameworks */,
				3A05DB0E1C92378700E94D69 /* Resources */,
			);
			buildRules = (
			);
			dependencies = (
			);
			name = FaceRecognitionSpike;
			productName = FaceRecognitionSpike;
			productReference = 3A05DB101C92378700E94D69 /* FaceRecognitionSpike.app */;
			productType = "com.apple.product-type.application";
		};
/* End PBXNativeTarget section */

/* Begin PBXProject section */
		3A05DB081C92378700E94D69 /* Project object */ = {
			isa = PBXProject;
			attributes = {
				LastSwiftUpdateCheck = 0720;
				LastUpgradeCheck = 0720;
				ORGANIZATIONNAME = Hachi;
				TargetAttributes = {
					3A05DB0F1C92378700E94D69 = {
						CreatedOnToolsVersion = 7.2;
						DevelopmentTeam = FW7F9SP7S7;
					};
				};
			};
			buildConfigurationList = 3A05DB0B1C92378700E94D69 /* Build configuration list for PBXProject "FaceRecognitionSpike" */;
			compatibilityVersion = "Xcode 3.2";
			developmentRegion = English;
			hasScannedForEncodings = 0;
			knownRegions = (
				en,
				Base,
			);
			mainGroup = 3A05DB071C92378700E94D69;
			productRefGroup = 3A05DB111C92378700E94D69 /* Products */;
			projectDirPath = "";
			projectRoot = "";
			targets = (
				3A05DB0F1C92378700E94D69 /* FaceRecognitionSpike */,
			);
		};
/* End PBXProject section */

/* Begin PBXResourcesBuildPhase section */
		3A05DB0E1C92378700E94D69 /* Resources */ = {
			isa = PBXResourcesBuildPhase;
			buildActionMask = 2147483647;
			files = (
				3AD670591C9273CE00964B4F /* silhoute.png in Resources */,
				3A05DB1E1C92378700E94D69 /* LaunchScreen.storyboard in Resources */,
				3A05DB1B1C92378700E94D69 /* Assets.xcassets in Resources */,
				3A05DB191C92378700E94D69 /* Main.storyboard in Resources */,
			);
			runOnlyForDeploymentPostprocessing = 0;
		};
/* End PBXResourcesBuildPhase section */

/* Begin PBXSourcesBuildPhase section */
		3A05DB0C1C92378700E94D69 /* Sources */ = {
			isa = PBXSourcesBuildPhase;
			buildActionMask = 2147483647;
			files = (
				3A05DB161C92378700E94D69 /* ViewController.swift in Sources */,
				3A05DB141C92378700E94D69 /* AppDelegate.swift in Sources */,
			);
			runOnlyForDeploymentPostprocessing = 0;
		};
/* End PBXSourcesBuildPhase section */

/* Begin PBXVariantGroup section */
		3A05DB171C92378700E94D69 /* Main.storyboard */ = {
			isa = PBXVariantGroup;
			children = (
				3A05DB181C92378700E94D69 /* Base */,
			);
			name = Main.storyboard;
			sourceTree = "<group>";
		};
		3A05DB1C1C92378700E94D69 /* LaunchScreen.storyboard */ = {
			isa = PBXVariantGroup;
			children = (
				3A05DB1D1C92378700E94D69 /* Base */,
			);
			name = LaunchScreen.storyboard;
			sourceTree = "<group>";
		};
/* End PBXVariantGroup section */

/* Begin XCBuildConfiguration section */
		3A05DB201C92378700E94D69 /* Debug */ = {
			isa = XCBuildConfiguration;
			buildSettings = {
				ALWAYS_SEARCH_USER_PATHS = NO;
				CLANG_CXX_LANGUAGE_STANDARD = "gnu++0x";
				CLANG_CXX_LIBRARY = "libc++";
				CLANG_ENABLE_MODULES = YES;
				CLANG_ENABLE_OBJC_ARC = YES;
				CLANG_WARN_BOOL_CONVERSION = YES;
				CLANG_WARN_CONSTANT_CONVERSION = YES;
				CLANG_WARN_DIRECT_OBJC_ISA_USAGE = YES_ERROR;
				CLANG_WARN_EMPTY_BODY = YES;
				CLANG_WARN_ENUM_CONVERSION = YES;
				CLANG_WARN_INT_CONVERSION = YES;
				CLANG_WARN_OBJC_ROOT_CLASS = YES_ERROR;
				CLANG_WARN_UNREACHABLE_CODE = YES;
				CLANG_WARN__DUPLICATE_METHOD_MATCH = YES;
				"CODE_SIGN_IDENTITY[sdk=iphoneos*]" = "iPhone Developer";
				COPY_PHASE_STRIP = NO;
				DEBUG_INFORMATION_FORMAT = dwarf;
				EMBEDDED_CONTENT_CONTAINS_SWIFT = YES;
				ENABLE_STRICT_OBJC_MSGSEND = YES;
				ENABLE_TESTABILITY = YES;
				GCC_C_LANGUAGE_STANDARD = gnu99;
				GCC_DYNAMIC_NO_PIC = NO;
				GCC_NO_COMMON_BLOCKS = YES;
				GCC_OPTIMIZATION_LEVEL = 0;
				GCC_PREPROCESSOR_DEFINITIONS = (
					"DEBUG=1",
					"$(inherited)",
				);
				GCC_WARN_64_TO_32_BIT_CONVERSION = YES;
				GCC_WARN_ABOUT_RETURN_TYPE = YES_ERROR;
				GCC_WARN_UNDECLARED_SELECTOR = YES;
				GCC_WARN_UNINITIALIZED_AUTOS = YES_AGGRESSIVE;
				GCC_WARN_UNUSED_FUNCTION = YES;
				GCC_WARN_UNUSED_VARIABLE = YES;
				IPHONEOS_DEPLOYMENT_TARGET = 9.2;
				MTL_ENABLE_DEBUG_INFO = YES;
				ONLY_ACTIVE_ARCH = YES;
				SDKROOT = iphoneos;
				SWIFT_OPTIMIZATION_LEVEL = "-Onone";
			};
			name = Debug;
		};
		3A05DB211C92378700E94D69 /* Release */ = {
			isa = XCBuildConfiguration;
			buildSettings = {
				ALWAYS_SEARCH_USER_PATHS = NO;
				CLANG_CXX_LANGUAGE_STANDARD = "gnu++0x";
				CLANG_CXX_LIBRARY = "libc++";
				CLANG_ENABLE_MODULES = YES;
				CLANG_ENABLE_OBJC_ARC = YES;
				CLANG_WARN_BOOL_CONVERSION = YES;
				CLANG_WARN_CONSTANT_CONVERSION = YES;
				CLANG_WARN_DIRECT_OBJC_ISA_USAGE = YES_ERROR;
				CLANG_WARN_EMPTY_BODY = YES;
				CLANG_WARN_ENUM_CONVERSION = YES;
				CLANG_WARN_INT_CONVERSION = YES;
				CLANG_WARN_OBJC_ROOT_CLASS = YES_ERROR;
				CLANG_WARN_UNREACHABLE_CODE = YES;
				CLANG_WARN__DUPLICATE_METHOD_MATCH = YES;
				"CODE_SIGN_IDENTITY[sdk=iphoneos*]" = "iPhone Developer";
				COPY_PHASE_STRIP = NO;
				DEBUG_INFORMATION_FORMAT = "dwarf-with-dsym";
				EMBEDDED_CONTENT_CONTAINS_SWIFT = YES;
				ENABLE_NS_ASSERTIONS = NO;
				ENABLE_STRICT_OBJC_MSGSEND = YES;
				GCC_C_LANGUAGE_STANDARD = gnu99;
				GCC_NO_COMMON_BLOCKS = YES;
				GCC_WARN_64_TO_32_BIT_CONVERSION = YES;
				GCC_WARN_ABOUT_RETURN_TYPE = YES_ERROR;
				GCC_WARN_UNDECLARED_SELECTOR = YES;
				GCC_WARN_UNINITIALIZED_AUTOS = YES_AGGRESSIVE;
				GCC_WARN_UNUSED_FUNCTION = YES;
				GCC_WARN_UNUSED_VARIABLE = YES;
				IPHONEOS_DEPLOYMENT_TARGET = 9.2;
				MTL_ENABLE_DEBUG_INFO = NO;
				SDKROOT = iphoneos;
				VALIDATE_PRODUCT = YES;
			};
			name = Release;
		};
		3A05DB231C92378700E94D69 /* Debug */ = {
			isa = XCBuildConfiguration;
			buildSettings = {
				ASSETCATALOG_COMPILER_APPICON_NAME = AppIcon;
				CODE_SIGN_IDENTITY = "iPhone Developer: Harshdeep  Singh (JUEX9M255N)";
				"CODE_SIGN_IDENTITY[sdk=iphoneos*]" = "iPhone Developer: Harshdeep  Singh (JUEX9M255N)";
				EMBEDDED_CONTENT_CONTAINS_SWIFT = YES;
				ENABLE_BITCODE = YES;
				INFOPLIST_FILE = FaceRecognitionSpike/Info.plist;
				LD_RUNPATH_SEARCH_PATHS = "$(inherited) @executable_path/Frameworks";
				PRODUCT_BUNDLE_IDENTIFIER = com.hachi.Spike;
				PRODUCT_NAME = "$(TARGET_NAME)";
				PROVISIONING_PROFILE = "d2aa80b1-b7ff-4501-8b98-c9a93622c857";
			};
			name = Debug;
		};
		3A05DB241C92378700E94D69 /* Release */ = {
			isa = XCBuildConfiguration;
			buildSettings = {
				ASSETCATALOG_COMPILER_APPICON_NAME = AppIcon;
				CODE_SIGN_IDENTITY = "iPhone Developer: Harshdeep  Singh (JUEX9M255N)";
				"CODE_SIGN_IDENTITY[sdk=iphoneos*]" = "iPhone Developer: Harshdeep  Singh (JUEX9M255N)";
				EMBEDDED_CONTENT_CONTAINS_SWIFT = YES;
				ENABLE_BITCODE = YES;
				INFOPLIST_FILE = FaceRecognitionSpike/Info.plist;
				LD_RUNPATH_SEARCH_PATHS = "$(inherited) @executable_path/Frameworks";
				PRODUCT_BUNDLE_IDENTIFIER = com.hachi.Spike;
				PRODUCT_NAME = "$(TARGET_NAME)";
				PROVISIONING_PROFILE = "d2aa80b1-b7ff-4501-8b98-c9a93622c857";
			};
			name = Release;
		};
/* End XCBuildConfiguration section */

/* Begin XCConfigurationList section */
		3A05DB0B1C92378700E94D69 /* Build configuration list for PBXProject "FaceRecognitionSpike" */ = {
			isa = XCConfigurationList;
			buildConfigurations = (
				3A05DB201C92378700E94D69 /* Debug */,
				3A05DB211C92378700E94D69 /* Release */,
			);
			defaultConfigurationIsVisible = 0;
			defaultConfigurationName = Release;
		};
		3A05DB221C92378700E94D69 /* Build configuration list for PBXNativeTarget "FaceRecognitionSpike" */ = {
			isa = XCConfigurationList;
			buildConfigurations = (
				3A05DB231C92378700E94D69 /* Debug */,
				3A05DB241C92378700E94D69 /* Release */,
			);
			defaultConfigurationIsVisible = 0;
			defaultConfigurationName = Release;
		};
/* End XCConfigurationList section */
	};
	rootObject = 3A05DB081C92378700E94D69 /* Project object */;
}
